
Microsoft Visual Studio Solution File, Format Version 12.00
# Visual Studio Version 17
VisualStudioVersion = 17.11.35222.181
MinimumVisualStudioVersion = 10.0.40219.1
Project("{FAE04EC0-301F-11D3-BF4B-00C04F79EFBC}") = "AdminToolsExpansion", "AdminToolsExpansion\AdminToolsExpansion.csproj", "{309BA1AA-F91E-4414-9A8B-08330A915F85}"
EndProject
Global
	GlobalSection(SolutionConfigurationPlatforms) = preSolution
		Debug|Any CPU = Debug|Any CPU
		Release|Any CPU = Release|Any CPU
	EndGlobalSection
	GlobalSection(ProjectConfigurationPlatforms) = postSolution
		{309BA1AA-F91E-4414-9A8B-08330A915F85}.Debug|Any CPU.ActiveCfg = Debug|Any CPU
		{309BA1AA-F91E-4414-9A8B-08330A915F85}.Debug|Any CPU.Build.0 = Debug|Any CPU
		{309BA1AA-F91E-4414-9A8B-08330A915F85}.Release|Any CPU.ActiveCfg = Release|Any CPU
		{309BA1AA-F91E-4414-9A8B-08330A915F85}.Release|Any CPU.Build.0 = Release|Any CPU
	EndGlobalSection
	GlobalSection(SolutionProperties) = preSolution
		HideSolutionNode = FALSE
	EndGlobalSection
	GlobalSection(ExtensibilityGlobals) = postSolution
		SolutionGuid = {252281CA-AEF2-478D-A6E2-2482080CAF29}
	EndGlobalSection
EndGlobal
